<?xml version="1.0" encoding="UTF-8" standalone="yes" ?>
<CodeBlocks_project_file>
	<FileVersion major="1" minor="6" />
	<Project>
		<Option title="HGPlayersPanel" />
		<Option pch_mode="2" />
		<Option default_target="Release" />
		<Option compiler="gcc" />
		<Build>
			<Target title="Debug">
				<Option output="Debug/panel.wt" prefix_auto="1" extension_auto="0" />
				<Option object_output="Debug/" />
				<Option type="1" />
				<Option compiler="gcc" />
				<Compiler>
					<Add option="-g" />
				</Compiler>
				<Linker>
					<Add directory="/usr/lib" />
				</Linker>
				<ExtraCommands>
					<Add after="cp -r ../img ./Debug/" />
					<Add after="cp -r ../css ./Debug/" />
					<Add after="cp ../favicon.ico ./Debug/" />
					<Mode after="always" />
				</ExtraCommands>
			</Target>
			<Target title="Release">
				<Option output="Release/panel.wt" prefix_auto="1" extension_auto="0" />
				<Option object_output="Release/" />
				<Option type="1" />
				<Option compiler="gcc" />
				<Option parameters="--docroot . --http-address 0.0.0.0 --http-port 8080" />
				<Compiler>
					<Add option="-fomit-frame-pointer" />
					<Add option="-fexpensive-optimizations" />
					<Add option="-Os" />
					<Add option="-O3" />
				</Compiler>
				<Linker>
					<Add option="-s" />
					<Add directory="/usr/lib" />
				</Linker>
				<ExtraCommands>
					<Add after="cp -r ../img ./Release/" />
					<Add after="cp -r ../css ./Release/" />
					<Add after="cp ../favicon.ico ./Release/" />
					<Mode after="always" />
				</ExtraCommands>
			</Target>
		</Build>
		<Compiler>
			<Add option="-Wextra" />
			<Add option="-Wall" />
			<Add option="-DUNIX" />
			<Add option="-DLINUX" />
			<Add directory="../../hgpanel" />
			<Add directory="/usr/include" />
			<Add directory="/usr/include/Wt" />
			<Add directory="/usr/local/Wt/include" />
			<Add directory="/usr/local/wt/include" />
			<Add directory="/usr/local/wt" />
			<Add directory="/usr/local/include/jwsmtp-1.32" />
		</Compiler>
		<Linker>
			<Add library="wt" />
			<Add library="wthttp" />
			<Add library="mysqlclient" />
			<Add library="jwsmtp" />
		</Linker>
		<Unit filename="../LICENCE" />
		<Unit filename="../LICENCE_PL" />
		<Unit filename="../sql/char.sql" />
		<Unit filename="../sql/panel.sql" />
		<Unit filename="../src/config.h" />
		<Unit filename="../src/config.h.dist" />
		<Unit filename="../src/database.cpp" />
		<Unit filename="../src/database.h" />
		<Unit filename="../src/defines.h" />
		<Unit filename="../src/main.cpp" />
		<Unit filename="../src/menu.cpp" />
		<Unit filename="../src/menu.h" />
		<Unit filename="../src/pages/accInfo.cpp" />
		<Unit filename="../src/pages/accInfo.h" />
		<Unit filename="../src/pages/default.cpp" />
		<Unit filename="../src/pages/default.h" />
		<Unit filename="../src/pages/error.cpp" />
		<Unit filename="../src/pages/error.h" />
		<Unit filename="../src/pages/passChange.cpp" />
		<Unit filename="../src/pages/passChange.h" />
		<Unit filename="../src/pages/passRecovery.cpp" />
		<Unit filename="../src/pages/passRecovery.h" />
		<Unit filename="../src/pages/register.cpp" />
		<Unit filename="../src/pages/register.h" />
		<Unit filename="../src/textItems.cpp" />
		<Unit filename="../src/textItems.h" />
		<Extensions>
			<code_completion />
			<envvars />
			<debugger />
			<lib_finder disable_auto="1" />
			<DoxyBlocks>
				<comment_style block="4" line="0" />
				<doxyfile_project />
				<doxyfile_build />
				<doxyfile_warnings />
				<doxyfile_output />
				<doxyfile_dot />
				<general />
			</DoxyBlocks>
		</Extensions>
	</Project>
</CodeBlocks_project_file>
