<?xml version="1.0" encoding="UTF-8" standalone="yes" ?>
<CodeBlocks_project_file>
	<FileVersion major="1" minor="6" />
	<Project>
		<Option title="HGPlayersPanel" />
		<Option pch_mode="2" />
		<Option compiler="gcc" />
		<Build>
			<Target title="Debug">
				<Option output="Debug/panel.wt" prefix_auto="1" extension_auto="0" />
				<Option object_output="Debug/" />
				<Option type="1" />
				<Option compiler="gcc" />
				<Compiler>
					<Add option="-g" />
				</Compiler>
				<Linker>
					<Add option="`curl-config --libs`" />
					<Add library="wthttp" />
				</Linker>
				<ExtraCommands>
					<Add after="cp -r ../img ./Debug/" />
					<Add after="cp -r ../css ./Debug/" />
					<Add after="cp -r ../langs ./Debug/" />
					<Add after="cp ../favicon.ico ./Debug/" />
					<Mode after="always" />
				</ExtraCommands>
			</Target>
			<Target title="Release">
				<Option output="Release/panel.wt" prefix_auto="1" extension_auto="0" />
				<Option object_output="Release/" />
				<Option type="1" />
				<Option compiler="gcc" />
				<Compiler>
					<Add option="-fomit-frame-pointer" />
					<Add option="-fexpensive-optimizations" />
					<Add option="-Os" />
					<Add option="-O3" />
				</Compiler>
				<Linker>
					<Add option="-s" />
					<Add option="`curl-config --libs`" />
					<Add library="wthttp" />
					<Add library="../../../../../usr/lib/libboost_signals.so" />
				</Linker>
				<ExtraCommands>
					<Add after="cp -r ../img ./Release/" />
					<Add after="cp -r ../css ./Release/" />
					<Add after="cp -r ../langs ./Release/" />
					<Add after="cp ../favicon.ico ./Release/" />
					<Mode after="always" />
				</ExtraCommands>
			</Target>
			<Target title="Debug fcgi">
				<Option output="DebugFcgi/panel.wt" prefix_auto="1" extension_auto="0" />
				<Option object_output="DebugFcgi/" />
				<Option type="1" />
				<Option compiler="gcc" />
				<Compiler>
					<Add option="-g" />
				</Compiler>
				<Linker>
					<Add option="`curl-config --libs`" />
					<Add library="wtfcgi" />
				</Linker>
				<ExtraCommands>
					<Add after="cp -r ../img ./Debug/" />
					<Add after="cp -r ../css ./Debug/" />
					<Add after="cp -r ../langs ./Debug/" />
					<Add after="cp ../favicon.ico ./Debug/" />
					<Mode after="always" />
				</ExtraCommands>
			</Target>
			<Target title="Release fcgi">
				<Option output="ReleaseFcgi/panel.wt" prefix_auto="1" extension_auto="0" />
				<Option object_output="ReleaseFcgi/" />
				<Option type="1" />
				<Option compiler="gcc" />
				<Compiler>
					<Add option="-fomit-frame-pointer" />
					<Add option="-fexpensive-optimizations" />
					<Add option="-Os" />
					<Add option="-O3" />
				</Compiler>
				<Linker>
					<Add option="-s" />
					<Add option="`curl-config --libs`" />
					<Add library="wtfcgi" />
				</Linker>
				<ExtraCommands>
					<Add after="cp -r ../img ./Release/" />
					<Add after="cp -r ../css ./Release/" />
					<Add after="cp -r ../langs ./Release/" />
					<Add after="cp ../favicon.ico ./Release/" />
					<Mode after="always" />
				</ExtraCommands>
			</Target>
		</Build>
		<Compiler>
			<Add option="-Wextra" />
			<Add option="-Wall" />
			<Add option="-DUNIX" />
			<Add option="-DLINUX" />
			<Add directory="../../hgpanel" />
			<Add directory="/usr/include" />
			<Add directory="/usr/include/Wt" />
			<Add directory="/usr/local/Wt/include" />
			<Add directory="/usr/local/wt/include" />
			<Add directory="/usr/local/wt" />
			<Add directory="/usr/local/include/jwsmtp-1.32" />
			<Add directory="/usr/local/include" />
			<Add directory="/usr/local/include/wt" />
			<Add directory="/usr/local/include/Wt" />
		</Compiler>
		<Linker>
			<Add library="wt" />
			<Add library="mysqlclient" />
			<Add library="jwsmtp" />
			<Add directory="/usr/lib" />
			<Add directory="/usr/local/lib" />
		</Linker>
		<Unit filename="../LICENCE" />
		<Unit filename="../LICENCE_PL" />
		<Unit filename="../langs/panel.xml" />
		<Unit filename="../langs/panel_pl.xml" />
		<Unit filename="../sql/char.sql" />
		<Unit filename="../sql/panel.sql" />
		<Unit filename="../sql/spell.sql" />
		<Unit filename="../src/config.h" />
		<Unit filename="../src/config.h.dist" />
		<Unit filename="../src/database.cpp" />
		<Unit filename="../src/database.h" />
		<Unit filename="../src/defines.h" />
		<Unit filename="../src/main.cpp" />
		<Unit filename="../src/menu.cpp" />
		<Unit filename="../src/menu.h" />
		<Unit filename="../src/pages/accInfo.cpp" />
		<Unit filename="../src/pages/accInfo.h" />
		<Unit filename="../src/pages/characters.cpp" />
		<Unit filename="../src/pages/characters.h" />
		<Unit filename="../src/pages/default.cpp" />
		<Unit filename="../src/pages/default.h" />
		<Unit filename="../src/pages/error.cpp" />
		<Unit filename="../src/pages/error.h" />
		<Unit filename="../src/pages/licence.cpp" />
		<Unit filename="../src/pages/licence.h" />
		<Unit filename="../src/pages/logout.cpp" />
		<Unit filename="../src/pages/logout.h" />
		<Unit filename="../src/pages/passChange.cpp" />
		<Unit filename="../src/pages/passChange.h" />
		<Unit filename="../src/pages/passRecovery.cpp" />
		<Unit filename="../src/pages/passRecovery.h" />
		<Unit filename="../src/pages/register.cpp" />
		<Unit filename="../src/pages/register.h" />
		<Unit filename="../src/pages/serverStatus.cpp" />
		<Unit filename="../src/pages/serverStatus.h" />
		<Unit filename="../src/pages/support.cpp" />
		<Unit filename="../src/pages/support.h" />
		<Unit filename="../src/pages/teleport.cpp" />
		<Unit filename="../src/pages/teleport.h" />
		<Unit filename="../src/pages/vote.cpp" />
		<Unit filename="../src/pages/vote.h" />
		<Extensions>
			<code_completion />
			<envvars />
			<debugger />
			<lib_finder disable_auto="1" />
			<DoxyBlocks>
				<comment_style block="4" line="0" />
				<doxyfile_project />
				<doxyfile_build />
				<doxyfile_warnings />
				<doxyfile_output />
				<doxyfile_dot />
				<general />
			</DoxyBlocks>
		</Extensions>
	</Project>
</CodeBlocks_project_file>
