<?xml version="1.0" encoding="utf-8"?>
<Project ToolsVersion="4.0" xmlns="http://schemas.microsoft.com/developer/msbuild/2003">
  <ItemGroup>
    <Filter Include="Source Files">
      <UniqueIdentifier>{4FC737F1-C7A5-4376-A066-2A32D752A2FF}</UniqueIdentifier>
      <Extensions>cpp;c;cc;cxx;def;odl;idl;hpj;bat;asm;asmx</Extensions>
    </Filter>
    <Filter Include="Source Files\pages">
      <UniqueIdentifier>{5eec3cdc-c71d-4b5f-99be-45c2c3a74712}</UniqueIdentifier>
    </Filter>
    <Filter Include="Resources">
      <UniqueIdentifier>{28e27c39-a7d1-459a-abda-babb8b82a746}</UniqueIdentifier>
    </Filter>
  </ItemGroup>
  <ItemGroup>
    <ClCompile Include="..\..\..\src\database.cpp">
      <Filter>Source Files</Filter>
    </ClCompile>
    <ClCompile Include="..\..\..\src\main.cpp">
      <Filter>Source Files</Filter>
    </ClCompile>
    <ClCompile Include="..\..\..\src\menu.cpp">
      <Filter>Source Files</Filter>
    </ClCompile>
    <ClCompile Include="..\..\..\src\pages\accInfo.cpp">
      <Filter>Source Files</Filter>
    </ClCompile>
    <ClCompile Include="..\..\..\src\pages\default.cpp">
      <Filter>Source Files</Filter>
    </ClCompile>
    <ClCompile Include="..\..\..\src\pages\error.cpp">
      <Filter>Source Files</Filter>
    </ClCompile>
    <ClCompile Include="..\..\..\src\pages\register.cpp">
      <Filter>Source Files</Filter>
    </ClCompile>
    <ClCompile Include="..\..\..\src\slotItems.cpp">
      <Filter>Source Files</Filter>
    </ClCompile>
    <ClCompile Include="..\..\..\src\pages\serverStatus.cpp">
      <Filter>Source Files</Filter>
    </ClCompile>
    <ClCompile Include="..\..\..\src\pages\passChange.cpp">
      <Filter>Source Files</Filter>
    </ClCompile>
    <ClCompile Include="..\..\..\src\pages\passRecovery.cpp">
      <Filter>Source Files</Filter>
    </ClCompile>
  </ItemGroup>
  <ItemGroup>
    <ClInclude Include="..\..\..\src\database.h" />
    <ClInclude Include="..\..\..\src\defines.h" />
    <ClInclude Include="..\..\..\src\menu.h" />
    <ClInclude Include="..\..\..\src\pages\accInfo.h" />
    <ClInclude Include="..\..\..\src\pages\default.h" />
    <ClInclude Include="..\..\..\src\pages\error.h" />
    <ClInclude Include="..\..\..\src\pages\register.h" />
    <ClInclude Include="..\..\..\src\slotItems.h" />
    <ClInclude Include="..\..\..\src\pages\serverStatus.h" />
    <ClInclude Include="..\..\..\src\pages\passChange.h" />
    <ClInclude Include="..\..\..\src\pages\passRecovery.h" />
  </ItemGroup>
  <ItemGroup>
    <None Include="..\..\..\LICENCE">
      <Filter>Resources</Filter>
    </None>
    <None Include="..\..\..\LICENCE_PL">
      <Filter>Resources</Filter>
    </None>
    <None Include="..\..\..\favicon.ico">
      <Filter>Resources</Filter>
    </None>
  </ItemGroup>
</Project>